
Microsoft Visual Studio Solution File, Format Version 12.00
# Visual Studio Version 16
VisualStudioVersion = 16.0.35425.106
MinimumVisualStudioVersion = 10.0.40219.1
Project("{9092AA53-FB77-4645-B42D-1CCCA6BD08BD}") = "tutorScotland", "tutorScotland.njsproj", "{78BC1803-971F-43F1-8B00-906D5A04F472}"
EndProject
Global
	GlobalSection(SolutionConfigurationPlatforms) = preSolution
		Debug|Any CPU = Debug|Any CPU
		Release|Any CPU = Release|Any CPU
	EndGlobalSection
	GlobalSection(ProjectConfigurationPlatforms) = postSolution
		{78BC1803-971F-43F1-8B00-906D5A04F472}.Debug|Any CPU.ActiveCfg = Debug|Any CPU
		{78BC1803-971F-43F1-8B00-906D5A04F472}.Debug|Any CPU.Build.0 = Debug|Any CPU
		{78BC1803-971F-43F1-8B00-906D5A04F472}.Release|Any CPU.ActiveCfg = Release|Any CPU
		{78BC1803-971F-43F1-8B00-906D5A04F472}.Release|Any CPU.Build.0 = Release|Any CPU
	EndGlobalSection
	GlobalSection(SolutionProperties) = preSolution
		HideSolutionNode = FALSE
	EndGlobalSection
	GlobalSection(ExtensibilityGlobals) = postSolution
		SolutionGuid = {974852A1-CF48-48C5-B0CD-CFF32896775E}
	EndGlobalSection
EndGlobal
